
Microsoft Visual Studio Solution File, Format Version 12.00
# Visual Studio Version 16
VisualStudioVersion = 16.0.29306.81
MinimumVisualStudioVersion = 10.0.40219.1
Project("{FAE04EC0-301F-11D3-BF4B-00C04F79EFBC}") = "Basic calculator", "Basic calculator\Basic calculator.csproj", "{5A703CD0-AED2-40B7-A8C5-D4F14322234A}"
EndProject
Global
	GlobalSection(SolutionConfigurationPlatforms) = preSolution
		Debug|Any CPU = Debug|Any CPU
		Release|Any CPU = Release|Any CPU
	EndGlobalSection
	GlobalSection(ProjectConfigurationPlatforms) = postSolution
		{5A703CD0-AED2-40B7-A8C5-D4F14322234A}.Debug|Any CPU.ActiveCfg = Debug|Any CPU
		{5A703CD0-AED2-40B7-A8C5-D4F14322234A}.Debug|Any CPU.Build.0 = Debug|Any CPU
		{5A703CD0-AED2-40B7-A8C5-D4F14322234A}.Release|Any CPU.ActiveCfg = Release|Any CPU
		{5A703CD0-AED2-40B7-A8C5-D4F14322234A}.Release|Any CPU.Build.0 = Release|Any CPU
	EndGlobalSection
	GlobalSection(SolutionProperties) = preSolution
		HideSolutionNode = FALSE
	EndGlobalSection
	GlobalSection(ExtensibilityGlobals) = postSolution
		SolutionGuid = {85E790FF-8011-439A-A568-BB33021E9046}
	EndGlobalSection
EndGlobal
